
Microsoft Visual Studio Solution File, Format Version 11.00
# Visual C# Express 2010
Project("{FAE04EC0-301F-11D3-BF4B-00C04F79EFBC}") = "Max72197221Test", "Max72197221Test\Max72197221Test.csproj", "{9DE2C9A1-F019-4EDB-8F87-43C47A3972DD}"
EndProject
Project("{FAE04EC0-301F-11D3-BF4B-00C04F79EFBC}") = "netduino.helpers", "..\..\netduino.helpers.csproj", "{D15C30B3-3FDE-475F-AB25-7EA65DE56911}"
EndProject
Global
	GlobalSection(SolutionConfigurationPlatforms) = preSolution
		Debug|Any CPU = Debug|Any CPU
		Release|Any CPU = Release|Any CPU
	EndGlobalSection
	GlobalSection(ProjectConfigurationPlatforms) = postSolution
		{9DE2C9A1-F019-4EDB-8F87-43C47A3972DD}.Debug|Any CPU.ActiveCfg = Debug|Any CPU
		{9DE2C9A1-F019-4EDB-8F87-43C47A3972DD}.Debug|Any CPU.Build.0 = Debug|Any CPU
		{9DE2C9A1-F019-4EDB-8F87-43C47A3972DD}.Debug|Any CPU.Deploy.0 = Debug|Any CPU
		{9DE2C9A1-F019-4EDB-8F87-43C47A3972DD}.Release|Any CPU.ActiveCfg = Release|Any CPU
		{9DE2C9A1-F019-4EDB-8F87-43C47A3972DD}.Release|Any CPU.Build.0 = Release|Any CPU
		{9DE2C9A1-F019-4EDB-8F87-43C47A3972DD}.Release|Any CPU.Deploy.0 = Release|Any CPU
		{D15C30B3-3FDE-475F-AB25-7EA65DE56911}.Debug|Any CPU.ActiveCfg = Debug|Any CPU
		{D15C30B3-3FDE-475F-AB25-7EA65DE56911}.Debug|Any CPU.Build.0 = Debug|Any CPU
		{D15C30B3-3FDE-475F-AB25-7EA65DE56911}.Debug|Any CPU.Deploy.0 = Debug|Any CPU
		{D15C30B3-3FDE-475F-AB25-7EA65DE56911}.Release|Any CPU.ActiveCfg = Release|Any CPU
		{D15C30B3-3FDE-475F-AB25-7EA65DE56911}.Release|Any CPU.Build.0 = Release|Any CPU
		{D15C30B3-3FDE-475F-AB25-7EA65DE56911}.Release|Any CPU.Deploy.0 = Release|Any CPU
	EndGlobalSection
	GlobalSection(SolutionProperties) = preSolution
		HideSolutionNode = FALSE
	EndGlobalSection
EndGlobal
